
Microsoft Visual Studio Solution File, Format Version 12.00
# Visual Studio Version 16
VisualStudioVersion = 16.0.29102.190
MinimumVisualStudioVersion = 10.0.40219.1
Project("{FAE04EC0-301F-11D3-BF4B-00C04F79EFBC}") = "FormsExamples.UWP", "FormsExamples\FormsExamples.UWP\FormsExamples.UWP.csproj", "{A5D3E070-EA9F-493E-8244-DFC358967466}"
EndProject
Project("{FAE04EC0-301F-11D3-BF4B-00C04F79EFBC}") = "FormsExamples.Android", "FormsExamples\FormsExamples.Android\FormsExamples.Android.csproj", "{789EBAAC-ECC7-4369-BAD7-49003C933043}"
EndProject
Project("{FAE04EC0-301F-11D3-BF4B-00C04F79EFBC}") = "FormsExamples.iOS", "FormsExamples\FormsExamples.iOS\FormsExamples.iOS.csproj", "{63E9BD4D-7DA1-4935-8508-655241B6D862}"
EndProject
Project("{FAE04EC0-301F-11D3-BF4B-00C04F79EFBC}") = "FormsExamples", "FormsExamples\FormsExamples\FormsExamples.csproj", "{2193E18B-362A-4171-B4B1-CC16B71A5751}"
EndProject
Global
	GlobalSection(SolutionConfigurationPlatforms) = preSolution
		Debug|Any CPU = Debug|Any CPU
		Debug|ARM = Debug|ARM
		Debug|iPhone = Debug|iPhone
		Debug|iPhoneSimulator = Debug|iPhoneSimulator
		Debug|x64 = Debug|x64
		Debug|x86 = Debug|x86
		Release|Any CPU = Release|Any CPU
		Release|ARM = Release|ARM
		Release|iPhone = Release|iPhone
		Release|iPhoneSimulator = Release|iPhoneSimulator
		Release|x64 = Release|x64
		Release|x86 = Release|x86
	EndGlobalSection
	GlobalSection(ProjectConfigurationPlatforms) = postSolution
		{A5D3E070-EA9F-493E-8244-DFC358967466}.Debug|Any CPU.ActiveCfg = Debug|x86
		{A5D3E070-EA9F-493E-8244-DFC358967466}.Debug|Any CPU.Build.0 = Debug|x86
		{A5D3E070-EA9F-493E-8244-DFC358967466}.Debug|Any CPU.Deploy.0 = Debug|x86
		{A5D3E070-EA9F-493E-8244-DFC358967466}.Debug|ARM.ActiveCfg = Debug|ARM
		{A5D3E070-EA9F-493E-8244-DFC358967466}.Debug|ARM.Build.0 = Debug|ARM
		{A5D3E070-EA9F-493E-8244-DFC358967466}.Debug|ARM.Deploy.0 = Debug|ARM
		{A5D3E070-EA9F-493E-8244-DFC358967466}.Debug|iPhone.ActiveCfg = Debug|x86
		{A5D3E070-EA9F-493E-8244-DFC358967466}.Debug|iPhone.Build.0 = Debug|x86
		{A5D3E070-EA9F-493E-8244-DFC358967466}.Debug|iPhone.Deploy.0 = Debug|x86
		{A5D3E070-EA9F-493E-8244-DFC358967466}.Debug|iPhoneSimulator.ActiveCfg = Debug|x86
		{A5D3E070-EA9F-493E-8244-DFC358967466}.Debug|iPhoneSimulator.Build.0 = Debug|x86
		{A5D3E070-EA9F-493E-8244-DFC358967466}.Debug|iPhoneSimulator.Deploy.0 = Debug|x86
		{A5D3E070-EA9F-493E-8244-DFC358967466}.Debug|x64.ActiveCfg = Debug|x64
		{A5D3E070-EA9F-493E-8244-DFC358967466}.Debug|x64.Build.0 = Debug|x64
		{A5D3E070-EA9F-493E-8244-DFC358967466}.Debug|x64.Deploy.0 = Debug|x64
		{A5D3E070-EA9F-493E-8244-DFC358967466}.Debug|x86.ActiveCfg = Debug|x86
		{A5D3E070-EA9F-493E-8244-DFC358967466}.Debug|x86.Build.0 = Debug|x86
		{A5D3E070-EA9F-493E-8244-DFC358967466}.Debug|x86.Deploy.0 = Debug|x86
		{A5D3E070-EA9F-493E-8244-DFC358967466}.Release|Any CPU.ActiveCfg = Release|x86
		{A5D3E070-EA9F-493E-8244-DFC358967466}.Release|Any CPU.Build.0 = Release|x86
		{A5D3E070-EA9F-493E-8244-DFC358967466}.Release|Any CPU.Deploy.0 = Release|x86
		{A5D3E070-EA9F-493E-8244-DFC358967466}.Release|ARM.ActiveCfg = Release|ARM
		{A5D3E070-EA9F-493E-8244-DFC358967466}.Release|ARM.Build.0 = Release|ARM
		{A5D3E070-EA9F-493E-8244-DFC358967466}.Release|ARM.Deploy.0 = Release|ARM
		{A5D3E070-EA9F-493E-8244-DFC358967466}.Release|iPhone.ActiveCfg = Release|x86
		{A5D3E070-EA9F-493E-8244-DFC358967466}.Release|iPhone.Build.0 = Release|x86
		{A5D3E070-EA9F-493E-8244-DFC358967466}.Release|iPhone.Deploy.0 = Release|x86
		{A5D3E070-EA9F-493E-8244-DFC358967466}.Release|iPhoneSimulator.ActiveCfg = Release|x86
		{A5D3E070-EA9F-493E-8244-DFC358967466}.Release|iPhoneSimulator.Build.0 = Release|x86
		{A5D3E070-EA9F-493E-8244-DFC358967466}.Release|iPhoneSimulator.Deploy.0 = Release|x86
		{A5D3E070-EA9F-493E-8244-DFC358967466}.Release|x64.ActiveCfg = Release|x64
		{A5D3E070-EA9F-493E-8244-DFC358967466}.Release|x64.Build.0 = Release|x64
		{A5D3E070-EA9F-493E-8244-DFC358967466}.Release|x64.Deploy.0 = Release|x64
		{A5D3E070-EA9F-493E-8244-DFC358967466}.Release|x86.ActiveCfg = Release|x86
		{A5D3E070-EA9F-493E-8244-DFC358967466}.Release|x86.Build.0 = Release|x86
		{A5D3E070-EA9F-493E-8244-DFC358967466}.Release|x86.Deploy.0 = Release|x86
		{789EBAAC-ECC7-4369-BAD7-49003C933043}.Debug|Any CPU.ActiveCfg = Debug|Any CPU
		{789EBAAC-ECC7-4369-BAD7-49003C933043}.Debug|Any CPU.Build.0 = Debug|Any CPU
		{789EBAAC-ECC7-4369-BAD7-49003C933043}.Debug|Any CPU.Deploy.0 = Debug|Any CPU
		{789EBAAC-ECC7-4369-BAD7-49003C933043}.Debug|ARM.ActiveCfg = Debug|Any CPU
		{789EBAAC-ECC7-4369-BAD7-49003C933043}.Debug|ARM.Build.0 = Debug|Any CPU
		{789EBAAC-ECC7-4369-BAD7-49003C933043}.Debug|ARM.Deploy.0 = Debug|Any CPU
		{789EBAAC-ECC7-4369-BAD7-49003C933043}.Debug|iPhone.ActiveCfg = Debug|Any CPU
		{789EBAAC-ECC7-4369-BAD7-49003C933043}.Debug|iPhone.Build.0 = Debug|Any CPU
		{789EBAAC-ECC7-4369-BAD7-49003C933043}.Debug|iPhone.Deploy.0 = Debug|Any CPU
		{789EBAAC-ECC7-4369-BAD7-49003C933043}.Debug|iPhoneSimulator.ActiveCfg = Debug|Any CPU
		{789EBAAC-ECC7-4369-BAD7-49003C933043}.Debug|iPhoneSimulator.Build.0 = Debug|Any CPU
		{789EBAAC-ECC7-4369-BAD7-49003C933043}.Debug|iPhoneSimulator.Deploy.0 = Debug|Any CPU
		{789EBAAC-ECC7-4369-BAD7-49003C933043}.Debug|x64.ActiveCfg = Debug|Any CPU
		{789EBAAC-ECC7-4369-BAD7-49003C933043}.Debug|x64.Build.0 = Debug|Any CPU
		{789EBAAC-ECC7-4369-BAD7-49003C933043}.Debug|x64.Deploy.0 = Debug|Any CPU
		{789EBAAC-ECC7-4369-BAD7-49003C933043}.Debug|x86.ActiveCfg = Debug|Any CPU
		{789EBAAC-ECC7-4369-BAD7-49003C933043}.Debug|x86.Build.0 = Debug|Any CPU
		{789EBAAC-ECC7-4369-BAD7-49003C933043}.Debug|x86.Deploy.0 = Debug|Any CPU
		{789EBAAC-ECC7-4369-BAD7-49003C933043}.Release|Any CPU.ActiveCfg = Release|Any CPU
		{789EBAAC-ECC7-4369-BAD7-49003C933043}.Release|Any CPU.Build.0 = Release|Any CPU
		{789EBAAC-ECC7-4369-BAD7-49003C933043}.Release|Any CPU.Deploy.0 = Release|Any CPU
		{789EBAAC-ECC7-4369-BAD7-49003C933043}.Release|ARM.ActiveCfg = Release|Any CPU
		{789EBAAC-ECC7-4369-BAD7-49003C933043}.Release|ARM.Build.0 = Release|Any CPU
		{789EBAAC-ECC7-4369-BAD7-49003C933043}.Release|ARM.Deploy.0 = Release|Any CPU
		{789EBAAC-ECC7-4369-BAD7-49003C933043}.Release|iPhone.ActiveCfg = Release|Any CPU
		{789EBAAC-ECC7-4369-BAD7-49003C933043}.Release|iPhone.Build.0 = Release|Any CPU
		{789EBAAC-ECC7-4369-BAD7-49003C933043}.Release|iPhone.Deploy.0 = Release|Any CPU
		{789EBAAC-ECC7-4369-BAD7-49003C933043}.Release|iPhoneSimulator.ActiveCfg = Release|Any CPU
		{789EBAAC-ECC7-4369-BAD7-49003C933043}.Release|iPhoneSimulator.Build.0 = Release|Any CPU
		{789EBAAC-ECC7-4369-BAD7-49003C933043}.Release|iPhoneSimulator.Deploy.0 = Release|Any CPU
		{789EBAAC-ECC7-4369-BAD7-49003C933043}.Release|x64.ActiveCfg = Release|Any CPU
		{789EBAAC-ECC7-4369-BAD7-49003C933043}.Release|x64.Build.0 = Release|Any CPU
		{789EBAAC-ECC7-4369-BAD7-49003C933043}.Release|x64.Deploy.0 = Release|Any CPU
		{789EBAAC-ECC7-4369-BAD7-49003C933043}.Release|x86.ActiveCfg = Release|Any CPU
		{789EBAAC-ECC7-4369-BAD7-49003C933043}.Release|x86.Build.0 = Release|Any CPU
		{789EBAAC-ECC7-4369-BAD7-49003C933043}.Release|x86.Deploy.0 = Release|Any CPU
		{63E9BD4D-7DA1-4935-8508-655241B6D862}.Debug|Any CPU.ActiveCfg = Debug|iPhone
		{63E9BD4D-7DA1-4935-8508-655241B6D862}.Debug|Any CPU.Build.0 = Debug|iPhone
		{63E9BD4D-7DA1-4935-8508-655241B6D862}.Debug|Any CPU.Deploy.0 = Debug|iPhone
		{63E9BD4D-7DA1-4935-8508-655241B6D862}.Debug|ARM.ActiveCfg = Debug|iPhoneSimulator
		{63E9BD4D-7DA1-4935-8508-655241B6D862}.Debug|ARM.Build.0 = Debug|iPhoneSimulator
		{63E9BD4D-7DA1-4935-8508-655241B6D862}.Debug|ARM.Deploy.0 = Debug|iPhoneSimulator
		{63E9BD4D-7DA1-4935-8508-655241B6D862}.Debug|iPhone.ActiveCfg = Debug|iPhone
		{63E9BD4D-7DA1-4935-8508-655241B6D862}.Debug|iPhone.Build.0 = Debug|iPhone
		{63E9BD4D-7DA1-4935-8508-655241B6D862}.Debug|iPhone.Deploy.0 = Debug|iPhone
		{63E9BD4D-7DA1-4935-8508-655241B6D862}.Debug|iPhoneSimulator.ActiveCfg = Debug|iPhoneSimulator
		{63E9BD4D-7DA1-4935-8508-655241B6D862}.Debug|iPhoneSimulator.Build.0 = Debug|iPhoneSimulator
		{63E9BD4D-7DA1-4935-8508-655241B6D862}.Debug|iPhoneSimulator.Deploy.0 = Debug|iPhoneSimulator
		{63E9BD4D-7DA1-4935-8508-655241B6D862}.Debug|x64.ActiveCfg = Debug|iPhone
		{63E9BD4D-7DA1-4935-8508-655241B6D862}.Debug|x64.Build.0 = Debug|iPhone
		{63E9BD4D-7DA1-4935-8508-655241B6D862}.Debug|x64.Deploy.0 = Debug|iPhone
		{63E9BD4D-7DA1-4935-8508-655241B6D862}.Debug|x86.ActiveCfg = Debug|iPhone
		{63E9BD4D-7DA1-4935-8508-655241B6D862}.Debug|x86.Build.0 = Debug|iPhone
		{63E9BD4D-7DA1-4935-8508-655241B6D862}.Debug|x86.Deploy.0 = Debug|iPhone
		{63E9BD4D-7DA1-4935-8508-655241B6D862}.Release|Any CPU.ActiveCfg = Release|iPhone
		{63E9BD4D-7DA1-4935-8508-655241B6D862}.Release|Any CPU.Build.0 = Release|iPhone
		{63E9BD4D-7DA1-4935-8508-655241B6D862}.Release|Any CPU.Deploy.0 = Release|iPhone
		{63E9BD4D-7DA1-4935-8508-655241B6D862}.Release|ARM.ActiveCfg = Release|iPhone
		{63E9BD4D-7DA1-4935-8508-655241B6D862}.Release|ARM.Build.0 = Release|iPhone
		{63E9BD4D-7DA1-4935-8508-655241B6D862}.Release|ARM.Deploy.0 = Release|iPhone
		{63E9BD4D-7DA1-4935-8508-655241B6D862}.Release|iPhone.ActiveCfg = Release|iPhone
		{63E9BD4D-7DA1-4935-8508-655241B6D862}.Release|iPhone.Build.0 = Release|iPhone
		{63E9BD4D-7DA1-4935-8508-655241B6D862}.Release|iPhone.Deploy.0 = Release|iPhone
		{63E9BD4D-7DA1-4935-8508-655241B6D862}.Release|iPhoneSimulator.ActiveCfg = Release|iPhoneSimulator
		{63E9BD4D-7DA1-4935-8508-655241B6D862}.Release|iPhoneSimulator.Build.0 = Release|iPhoneSimulator
		{63E9BD4D-7DA1-4935-8508-655241B6D862}.Release|iPhoneSimulator.Deploy.0 = Release|iPhoneSimulator
		{63E9BD4D-7DA1-4935-8508-655241B6D862}.Release|x64.ActiveCfg = Release|iPhone
		{63E9BD4D-7DA1-4935-8508-655241B6D862}.Release|x64.Build.0 = Release|iPhone
		{63E9BD4D-7DA1-4935-8508-655241B6D862}.Release|x64.Deploy.0 = Release|iPhone
		{63E9BD4D-7DA1-4935-8508-655241B6D862}.Release|x86.ActiveCfg = Release|iPhone
		{63E9BD4D-7DA1-4935-8508-655241B6D862}.Release|x86.Build.0 = Release|iPhone
		{63E9BD4D-7DA1-4935-8508-655241B6D862}.Release|x86.Deploy.0 = Release|iPhone
		{2193E18B-362A-4171-B4B1-CC16B71A5751}.Debug|Any CPU.ActiveCfg = Debug|Any CPU
		{2193E18B-362A-4171-B4B1-CC16B71A5751}.Debug|Any CPU.Build.0 = Debug|Any CPU
		{2193E18B-362A-4171-B4B1-CC16B71A5751}.Debug|Any CPU.Deploy.0 = Debug|Any CPU
		{2193E18B-362A-4171-B4B1-CC16B71A5751}.Debug|ARM.ActiveCfg = Debug|Any CPU
		{2193E18B-362A-4171-B4B1-CC16B71A5751}.Debug|ARM.Build.0 = Debug|Any CPU
		{2193E18B-362A-4171-B4B1-CC16B71A5751}.Debug|ARM.Deploy.0 = Debug|Any CPU
		{2193E18B-362A-4171-B4B1-CC16B71A5751}.Debug|iPhone.ActiveCfg = Debug|Any CPU
		{2193E18B-362A-4171-B4B1-CC16B71A5751}.Debug|iPhone.Build.0 = Debug|Any CPU
		{2193E18B-362A-4171-B4B1-CC16B71A5751}.Debug|iPhone.Deploy.0 = Debug|Any CPU
		{2193E18B-362A-4171-B4B1-CC16B71A5751}.Debug|iPhoneSimulator.ActiveCfg = Debug|Any CPU
		{2193E18B-362A-4171-B4B1-CC16B71A5751}.Debug|iPhoneSimulator.Build.0 = Debug|Any CPU
		{2193E18B-362A-4171-B4B1-CC16B71A5751}.Debug|iPhoneSimulator.Deploy.0 = Debug|Any CPU
		{2193E18B-362A-4171-B4B1-CC16B71A5751}.Debug|x64.ActiveCfg = Debug|Any CPU
		{2193E18B-362A-4171-B4B1-CC16B71A5751}.Debug|x64.Build.0 = Debug|Any CPU
		{2193E18B-362A-4171-B4B1-CC16B71A5751}.Debug|x64.Deploy.0 = Debug|Any CPU
		{2193E18B-362A-4171-B4B1-CC16B71A5751}.Debug|x86.ActiveCfg = Debug|Any CPU
		{2193E18B-362A-4171-B4B1-CC16B71A5751}.Debug|x86.Build.0 = Debug|Any CPU
		{2193E18B-362A-4171-B4B1-CC16B71A5751}.Debug|x86.Deploy.0 = Debug|Any CPU
		{2193E18B-362A-4171-B4B1-CC16B71A5751}.Release|Any CPU.ActiveCfg = Release|Any CPU
		{2193E18B-362A-4171-B4B1-CC16B71A5751}.Release|Any CPU.Build.0 = Release|Any CPU
		{2193E18B-362A-4171-B4B1-CC16B71A5751}.Release|Any CPU.Deploy.0 = Release|Any CPU
		{2193E18B-362A-4171-B4B1-CC16B71A5751}.Release|ARM.ActiveCfg = Release|Any CPU
		{2193E18B-362A-4171-B4B1-CC16B71A5751}.Release|ARM.Build.0 = Release|Any CPU
		{2193E18B-362A-4171-B4B1-CC16B71A5751}.Release|ARM.Deploy.0 = Release|Any CPU
		{2193E18B-362A-4171-B4B1-CC16B71A5751}.Release|iPhone.ActiveCfg = Release|Any CPU
		{2193E18B-362A-4171-B4B1-CC16B71A5751}.Release|iPhone.Build.0 = Release|Any CPU
		{2193E18B-362A-4171-B4B1-CC16B71A5751}.Release|iPhone.Deploy.0 = Release|Any CPU
		{2193E18B-362A-4171-B4B1-CC16B71A5751}.Release|iPhoneSimulator.ActiveCfg = Release|Any CPU
		{2193E18B-362A-4171-B4B1-CC16B71A5751}.Release|iPhoneSimulator.Build.0 = Release|Any CPU
		{2193E18B-362A-4171-B4B1-CC16B71A5751}.Release|iPhoneSimulator.Deploy.0 = Release|Any CPU
		{2193E18B-362A-4171-B4B1-CC16B71A5751}.Release|x64.ActiveCfg = Release|Any CPU
		{2193E18B-362A-4171-B4B1-CC16B71A5751}.Release|x64.Build.0 = Release|Any CPU
		{2193E18B-362A-4171-B4B1-CC16B71A5751}.Release|x64.Deploy.0 = Release|Any CPU
		{2193E18B-362A-4171-B4B1-CC16B71A5751}.Release|x86.ActiveCfg = Release|Any CPU
		{2193E18B-362A-4171-B4B1-CC16B71A5751}.Release|x86.Build.0 = Release|Any CPU
		{2193E18B-362A-4171-B4B1-CC16B71A5751}.Release|x86.Deploy.0 = Release|Any CPU
	EndGlobalSection
	GlobalSection(SolutionProperties) = preSolution
		HideSolutionNode = FALSE
	EndGlobalSection
	GlobalSection(ExtensibilityGlobals) = postSolution
		SolutionGuid = {146E054C-A62C-4765-9F77-11BE4E40A234}
	EndGlobalSection
EndGlobal
