
Microsoft Visual Studio Solution File, Format Version 12.00
# Visual Studio Version 16
VisualStudioVersion = 16.0.29102.190
MinimumVisualStudioVersion = 10.0.40219.1
Project("{FAE04EC0-301F-11D3-BF4B-00C04F79EFBC}") = "ContactBook.UWP", "ContactBook\ContactBook.UWP\ContactBook.UWP.csproj", "{7D50DB60-4394-45B6-8CD2-0F1C837CA788}"
EndProject
Project("{FAE04EC0-301F-11D3-BF4B-00C04F79EFBC}") = "ContactBook.Android", "ContactBook\ContactBook.Android\ContactBook.Android.csproj", "{BEDD2169-4F30-4681-A413-56DE054EC764}"
EndProject
Project("{FAE04EC0-301F-11D3-BF4B-00C04F79EFBC}") = "ContactBook.iOS", "ContactBook\ContactBook.iOS\ContactBook.iOS.csproj", "{E2D70775-C3BF-4200-B5A4-47BC1664B9C1}"
EndProject
Project("{FAE04EC0-301F-11D3-BF4B-00C04F79EFBC}") = "ContactBook", "ContactBook\ContactBook\ContactBook.csproj", "{14FCDE2A-9C9B-43C8-ABA9-B787BEB72ABD}"
EndProject
Global
	GlobalSection(SolutionConfigurationPlatforms) = preSolution
		Debug|Any CPU = Debug|Any CPU
		Debug|ARM = Debug|ARM
		Debug|iPhone = Debug|iPhone
		Debug|iPhoneSimulator = Debug|iPhoneSimulator
		Debug|x64 = Debug|x64
		Debug|x86 = Debug|x86
		Release|Any CPU = Release|Any CPU
		Release|ARM = Release|ARM
		Release|iPhone = Release|iPhone
		Release|iPhoneSimulator = Release|iPhoneSimulator
		Release|x64 = Release|x64
		Release|x86 = Release|x86
	EndGlobalSection
	GlobalSection(ProjectConfigurationPlatforms) = postSolution
		{7D50DB60-4394-45B6-8CD2-0F1C837CA788}.Debug|Any CPU.ActiveCfg = Debug|x86
		{7D50DB60-4394-45B6-8CD2-0F1C837CA788}.Debug|Any CPU.Build.0 = Debug|x86
		{7D50DB60-4394-45B6-8CD2-0F1C837CA788}.Debug|Any CPU.Deploy.0 = Debug|x86
		{7D50DB60-4394-45B6-8CD2-0F1C837CA788}.Debug|ARM.ActiveCfg = Debug|ARM
		{7D50DB60-4394-45B6-8CD2-0F1C837CA788}.Debug|ARM.Build.0 = Debug|ARM
		{7D50DB60-4394-45B6-8CD2-0F1C837CA788}.Debug|ARM.Deploy.0 = Debug|ARM
		{7D50DB60-4394-45B6-8CD2-0F1C837CA788}.Debug|iPhone.ActiveCfg = Debug|x86
		{7D50DB60-4394-45B6-8CD2-0F1C837CA788}.Debug|iPhone.Build.0 = Debug|x86
		{7D50DB60-4394-45B6-8CD2-0F1C837CA788}.Debug|iPhone.Deploy.0 = Debug|x86
		{7D50DB60-4394-45B6-8CD2-0F1C837CA788}.Debug|iPhoneSimulator.ActiveCfg = Debug|x86
		{7D50DB60-4394-45B6-8CD2-0F1C837CA788}.Debug|iPhoneSimulator.Build.0 = Debug|x86
		{7D50DB60-4394-45B6-8CD2-0F1C837CA788}.Debug|iPhoneSimulator.Deploy.0 = Debug|x86
		{7D50DB60-4394-45B6-8CD2-0F1C837CA788}.Debug|x64.ActiveCfg = Debug|x64
		{7D50DB60-4394-45B6-8CD2-0F1C837CA788}.Debug|x64.Build.0 = Debug|x64
		{7D50DB60-4394-45B6-8CD2-0F1C837CA788}.Debug|x64.Deploy.0 = Debug|x64
		{7D50DB60-4394-45B6-8CD2-0F1C837CA788}.Debug|x86.ActiveCfg = Debug|x86
		{7D50DB60-4394-45B6-8CD2-0F1C837CA788}.Debug|x86.Build.0 = Debug|x86
		{7D50DB60-4394-45B6-8CD2-0F1C837CA788}.Debug|x86.Deploy.0 = Debug|x86
		{7D50DB60-4394-45B6-8CD2-0F1C837CA788}.Release|Any CPU.ActiveCfg = Release|x86
		{7D50DB60-4394-45B6-8CD2-0F1C837CA788}.Release|Any CPU.Build.0 = Release|x86
		{7D50DB60-4394-45B6-8CD2-0F1C837CA788}.Release|Any CPU.Deploy.0 = Release|x86
		{7D50DB60-4394-45B6-8CD2-0F1C837CA788}.Release|ARM.ActiveCfg = Release|ARM
		{7D50DB60-4394-45B6-8CD2-0F1C837CA788}.Release|ARM.Build.0 = Release|ARM
		{7D50DB60-4394-45B6-8CD2-0F1C837CA788}.Release|ARM.Deploy.0 = Release|ARM
		{7D50DB60-4394-45B6-8CD2-0F1C837CA788}.Release|iPhone.ActiveCfg = Release|x86
		{7D50DB60-4394-45B6-8CD2-0F1C837CA788}.Release|iPhone.Build.0 = Release|x86
		{7D50DB60-4394-45B6-8CD2-0F1C837CA788}.Release|iPhone.Deploy.0 = Release|x86
		{7D50DB60-4394-45B6-8CD2-0F1C837CA788}.Release|iPhoneSimulator.ActiveCfg = Release|x86
		{7D50DB60-4394-45B6-8CD2-0F1C837CA788}.Release|iPhoneSimulator.Build.0 = Release|x86
		{7D50DB60-4394-45B6-8CD2-0F1C837CA788}.Release|iPhoneSimulator.Deploy.0 = Release|x86
		{7D50DB60-4394-45B6-8CD2-0F1C837CA788}.Release|x64.ActiveCfg = Release|x64
		{7D50DB60-4394-45B6-8CD2-0F1C837CA788}.Release|x64.Build.0 = Release|x64
		{7D50DB60-4394-45B6-8CD2-0F1C837CA788}.Release|x64.Deploy.0 = Release|x64
		{7D50DB60-4394-45B6-8CD2-0F1C837CA788}.Release|x86.ActiveCfg = Release|x86
		{7D50DB60-4394-45B6-8CD2-0F1C837CA788}.Release|x86.Build.0 = Release|x86
		{7D50DB60-4394-45B6-8CD2-0F1C837CA788}.Release|x86.Deploy.0 = Release|x86
		{BEDD2169-4F30-4681-A413-56DE054EC764}.Debug|Any CPU.ActiveCfg = Debug|Any CPU
		{BEDD2169-4F30-4681-A413-56DE054EC764}.Debug|Any CPU.Build.0 = Debug|Any CPU
		{BEDD2169-4F30-4681-A413-56DE054EC764}.Debug|Any CPU.Deploy.0 = Debug|Any CPU
		{BEDD2169-4F30-4681-A413-56DE054EC764}.Debug|ARM.ActiveCfg = Debug|Any CPU
		{BEDD2169-4F30-4681-A413-56DE054EC764}.Debug|ARM.Build.0 = Debug|Any CPU
		{BEDD2169-4F30-4681-A413-56DE054EC764}.Debug|ARM.Deploy.0 = Debug|Any CPU
		{BEDD2169-4F30-4681-A413-56DE054EC764}.Debug|iPhone.ActiveCfg = Debug|Any CPU
		{BEDD2169-4F30-4681-A413-56DE054EC764}.Debug|iPhone.Build.0 = Debug|Any CPU
		{BEDD2169-4F30-4681-A413-56DE054EC764}.Debug|iPhone.Deploy.0 = Debug|Any CPU
		{BEDD2169-4F30-4681-A413-56DE054EC764}.Debug|iPhoneSimulator.ActiveCfg = Debug|Any CPU
		{BEDD2169-4F30-4681-A413-56DE054EC764}.Debug|iPhoneSimulator.Build.0 = Debug|Any CPU
		{BEDD2169-4F30-4681-A413-56DE054EC764}.Debug|iPhoneSimulator.Deploy.0 = Debug|Any CPU
		{BEDD2169-4F30-4681-A413-56DE054EC764}.Debug|x64.ActiveCfg = Debug|Any CPU
		{BEDD2169-4F30-4681-A413-56DE054EC764}.Debug|x64.Build.0 = Debug|Any CPU
		{BEDD2169-4F30-4681-A413-56DE054EC764}.Debug|x64.Deploy.0 = Debug|Any CPU
		{BEDD2169-4F30-4681-A413-56DE054EC764}.Debug|x86.ActiveCfg = Debug|Any CPU
		{BEDD2169-4F30-4681-A413-56DE054EC764}.Debug|x86.Build.0 = Debug|Any CPU
		{BEDD2169-4F30-4681-A413-56DE054EC764}.Debug|x86.Deploy.0 = Debug|Any CPU
		{BEDD2169-4F30-4681-A413-56DE054EC764}.Release|Any CPU.ActiveCfg = Release|Any CPU
		{BEDD2169-4F30-4681-A413-56DE054EC764}.Release|Any CPU.Build.0 = Release|Any CPU
		{BEDD2169-4F30-4681-A413-56DE054EC764}.Release|Any CPU.Deploy.0 = Release|Any CPU
		{BEDD2169-4F30-4681-A413-56DE054EC764}.Release|ARM.ActiveCfg = Release|Any CPU
		{BEDD2169-4F30-4681-A413-56DE054EC764}.Release|ARM.Build.0 = Release|Any CPU
		{BEDD2169-4F30-4681-A413-56DE054EC764}.Release|ARM.Deploy.0 = Release|Any CPU
		{BEDD2169-4F30-4681-A413-56DE054EC764}.Release|iPhone.ActiveCfg = Release|Any CPU
		{BEDD2169-4F30-4681-A413-56DE054EC764}.Release|iPhone.Build.0 = Release|Any CPU
		{BEDD2169-4F30-4681-A413-56DE054EC764}.Release|iPhone.Deploy.0 = Release|Any CPU
		{BEDD2169-4F30-4681-A413-56DE054EC764}.Release|iPhoneSimulator.ActiveCfg = Release|Any CPU
		{BEDD2169-4F30-4681-A413-56DE054EC764}.Release|iPhoneSimulator.Build.0 = Release|Any CPU
		{BEDD2169-4F30-4681-A413-56DE054EC764}.Release|iPhoneSimulator.Deploy.0 = Release|Any CPU
		{BEDD2169-4F30-4681-A413-56DE054EC764}.Release|x64.ActiveCfg = Release|Any CPU
		{BEDD2169-4F30-4681-A413-56DE054EC764}.Release|x64.Build.0 = Release|Any CPU
		{BEDD2169-4F30-4681-A413-56DE054EC764}.Release|x64.Deploy.0 = Release|Any CPU
		{BEDD2169-4F30-4681-A413-56DE054EC764}.Release|x86.ActiveCfg = Release|Any CPU
		{BEDD2169-4F30-4681-A413-56DE054EC764}.Release|x86.Build.0 = Release|Any CPU
		{BEDD2169-4F30-4681-A413-56DE054EC764}.Release|x86.Deploy.0 = Release|Any CPU
		{E2D70775-C3BF-4200-B5A4-47BC1664B9C1}.Debug|Any CPU.ActiveCfg = Debug|iPhone
		{E2D70775-C3BF-4200-B5A4-47BC1664B9C1}.Debug|Any CPU.Build.0 = Debug|iPhone
		{E2D70775-C3BF-4200-B5A4-47BC1664B9C1}.Debug|Any CPU.Deploy.0 = Debug|iPhone
		{E2D70775-C3BF-4200-B5A4-47BC1664B9C1}.Debug|ARM.ActiveCfg = Debug|iPhoneSimulator
		{E2D70775-C3BF-4200-B5A4-47BC1664B9C1}.Debug|ARM.Build.0 = Debug|iPhoneSimulator
		{E2D70775-C3BF-4200-B5A4-47BC1664B9C1}.Debug|ARM.Deploy.0 = Debug|iPhoneSimulator
		{E2D70775-C3BF-4200-B5A4-47BC1664B9C1}.Debug|iPhone.ActiveCfg = Debug|iPhone
		{E2D70775-C3BF-4200-B5A4-47BC1664B9C1}.Debug|iPhone.Build.0 = Debug|iPhone
		{E2D70775-C3BF-4200-B5A4-47BC1664B9C1}.Debug|iPhone.Deploy.0 = Debug|iPhone
		{E2D70775-C3BF-4200-B5A4-47BC1664B9C1}.Debug|iPhoneSimulator.ActiveCfg = Debug|iPhoneSimulator
		{E2D70775-C3BF-4200-B5A4-47BC1664B9C1}.Debug|iPhoneSimulator.Build.0 = Debug|iPhoneSimulator
		{E2D70775-C3BF-4200-B5A4-47BC1664B9C1}.Debug|iPhoneSimulator.Deploy.0 = Debug|iPhoneSimulator
		{E2D70775-C3BF-4200-B5A4-47BC1664B9C1}.Debug|x64.ActiveCfg = Debug|iPhone
		{E2D70775-C3BF-4200-B5A4-47BC1664B9C1}.Debug|x64.Build.0 = Debug|iPhone
		{E2D70775-C3BF-4200-B5A4-47BC1664B9C1}.Debug|x64.Deploy.0 = Debug|iPhone
		{E2D70775-C3BF-4200-B5A4-47BC1664B9C1}.Debug|x86.ActiveCfg = Debug|iPhone
		{E2D70775-C3BF-4200-B5A4-47BC1664B9C1}.Debug|x86.Build.0 = Debug|iPhone
		{E2D70775-C3BF-4200-B5A4-47BC1664B9C1}.Debug|x86.Deploy.0 = Debug|iPhone
		{E2D70775-C3BF-4200-B5A4-47BC1664B9C1}.Release|Any CPU.ActiveCfg = Release|iPhone
		{E2D70775-C3BF-4200-B5A4-47BC1664B9C1}.Release|Any CPU.Build.0 = Release|iPhone
		{E2D70775-C3BF-4200-B5A4-47BC1664B9C1}.Release|Any CPU.Deploy.0 = Release|iPhone
		{E2D70775-C3BF-4200-B5A4-47BC1664B9C1}.Release|ARM.ActiveCfg = Release|iPhone
		{E2D70775-C3BF-4200-B5A4-47BC1664B9C1}.Release|ARM.Build.0 = Release|iPhone
		{E2D70775-C3BF-4200-B5A4-47BC1664B9C1}.Release|ARM.Deploy.0 = Release|iPhone
		{E2D70775-C3BF-4200-B5A4-47BC1664B9C1}.Release|iPhone.ActiveCfg = Release|iPhone
		{E2D70775-C3BF-4200-B5A4-47BC1664B9C1}.Release|iPhone.Build.0 = Release|iPhone
		{E2D70775-C3BF-4200-B5A4-47BC1664B9C1}.Release|iPhone.Deploy.0 = Release|iPhone
		{E2D70775-C3BF-4200-B5A4-47BC1664B9C1}.Release|iPhoneSimulator.ActiveCfg = Release|iPhoneSimulator
		{E2D70775-C3BF-4200-B5A4-47BC1664B9C1}.Release|iPhoneSimulator.Build.0 = Release|iPhoneSimulator
		{E2D70775-C3BF-4200-B5A4-47BC1664B9C1}.Release|iPhoneSimulator.Deploy.0 = Release|iPhoneSimulator
		{E2D70775-C3BF-4200-B5A4-47BC1664B9C1}.Release|x64.ActiveCfg = Release|iPhone
		{E2D70775-C3BF-4200-B5A4-47BC1664B9C1}.Release|x64.Build.0 = Release|iPhone
		{E2D70775-C3BF-4200-B5A4-47BC1664B9C1}.Release|x64.Deploy.0 = Release|iPhone
		{E2D70775-C3BF-4200-B5A4-47BC1664B9C1}.Release|x86.ActiveCfg = Release|iPhone
		{E2D70775-C3BF-4200-B5A4-47BC1664B9C1}.Release|x86.Build.0 = Release|iPhone
		{E2D70775-C3BF-4200-B5A4-47BC1664B9C1}.Release|x86.Deploy.0 = Release|iPhone
		{14FCDE2A-9C9B-43C8-ABA9-B787BEB72ABD}.Debug|Any CPU.ActiveCfg = Debug|Any CPU
		{14FCDE2A-9C9B-43C8-ABA9-B787BEB72ABD}.Debug|Any CPU.Build.0 = Debug|Any CPU
		{14FCDE2A-9C9B-43C8-ABA9-B787BEB72ABD}.Debug|Any CPU.Deploy.0 = Debug|Any CPU
		{14FCDE2A-9C9B-43C8-ABA9-B787BEB72ABD}.Debug|ARM.ActiveCfg = Debug|Any CPU
		{14FCDE2A-9C9B-43C8-ABA9-B787BEB72ABD}.Debug|ARM.Build.0 = Debug|Any CPU
		{14FCDE2A-9C9B-43C8-ABA9-B787BEB72ABD}.Debug|ARM.Deploy.0 = Debug|Any CPU
		{14FCDE2A-9C9B-43C8-ABA9-B787BEB72ABD}.Debug|iPhone.ActiveCfg = Debug|Any CPU
		{14FCDE2A-9C9B-43C8-ABA9-B787BEB72ABD}.Debug|iPhone.Build.0 = Debug|Any CPU
		{14FCDE2A-9C9B-43C8-ABA9-B787BEB72ABD}.Debug|iPhone.Deploy.0 = Debug|Any CPU
		{14FCDE2A-9C9B-43C8-ABA9-B787BEB72ABD}.Debug|iPhoneSimulator.ActiveCfg = Debug|Any CPU
		{14FCDE2A-9C9B-43C8-ABA9-B787BEB72ABD}.Debug|iPhoneSimulator.Build.0 = Debug|Any CPU
		{14FCDE2A-9C9B-43C8-ABA9-B787BEB72ABD}.Debug|iPhoneSimulator.Deploy.0 = Debug|Any CPU
		{14FCDE2A-9C9B-43C8-ABA9-B787BEB72ABD}.Debug|x64.ActiveCfg = Debug|Any CPU
		{14FCDE2A-9C9B-43C8-ABA9-B787BEB72ABD}.Debug|x64.Build.0 = Debug|Any CPU
		{14FCDE2A-9C9B-43C8-ABA9-B787BEB72ABD}.Debug|x64.Deploy.0 = Debug|Any CPU
		{14FCDE2A-9C9B-43C8-ABA9-B787BEB72ABD}.Debug|x86.ActiveCfg = Debug|Any CPU
		{14FCDE2A-9C9B-43C8-ABA9-B787BEB72ABD}.Debug|x86.Build.0 = Debug|Any CPU
		{14FCDE2A-9C9B-43C8-ABA9-B787BEB72ABD}.Debug|x86.Deploy.0 = Debug|Any CPU
		{14FCDE2A-9C9B-43C8-ABA9-B787BEB72ABD}.Release|Any CPU.ActiveCfg = Release|Any CPU
		{14FCDE2A-9C9B-43C8-ABA9-B787BEB72ABD}.Release|Any CPU.Build.0 = Release|Any CPU
		{14FCDE2A-9C9B-43C8-ABA9-B787BEB72ABD}.Release|Any CPU.Deploy.0 = Release|Any CPU
		{14FCDE2A-9C9B-43C8-ABA9-B787BEB72ABD}.Release|ARM.ActiveCfg = Release|Any CPU
		{14FCDE2A-9C9B-43C8-ABA9-B787BEB72ABD}.Release|ARM.Build.0 = Release|Any CPU
		{14FCDE2A-9C9B-43C8-ABA9-B787BEB72ABD}.Release|ARM.Deploy.0 = Release|Any CPU
		{14FCDE2A-9C9B-43C8-ABA9-B787BEB72ABD}.Release|iPhone.ActiveCfg = Release|Any CPU
		{14FCDE2A-9C9B-43C8-ABA9-B787BEB72ABD}.Release|iPhone.Build.0 = Release|Any CPU
		{14FCDE2A-9C9B-43C8-ABA9-B787BEB72ABD}.Release|iPhone.Deploy.0 = Release|Any CPU
		{14FCDE2A-9C9B-43C8-ABA9-B787BEB72ABD}.Release|iPhoneSimulator.ActiveCfg = Release|Any CPU
		{14FCDE2A-9C9B-43C8-ABA9-B787BEB72ABD}.Release|iPhoneSimulator.Build.0 = Release|Any CPU
		{14FCDE2A-9C9B-43C8-ABA9-B787BEB72ABD}.Release|iPhoneSimulator.Deploy.0 = Release|Any CPU
		{14FCDE2A-9C9B-43C8-ABA9-B787BEB72ABD}.Release|x64.ActiveCfg = Release|Any CPU
		{14FCDE2A-9C9B-43C8-ABA9-B787BEB72ABD}.Release|x64.Build.0 = Release|Any CPU
		{14FCDE2A-9C9B-43C8-ABA9-B787BEB72ABD}.Release|x64.Deploy.0 = Release|Any CPU
		{14FCDE2A-9C9B-43C8-ABA9-B787BEB72ABD}.Release|x86.ActiveCfg = Release|Any CPU
		{14FCDE2A-9C9B-43C8-ABA9-B787BEB72ABD}.Release|x86.Build.0 = Release|Any CPU
		{14FCDE2A-9C9B-43C8-ABA9-B787BEB72ABD}.Release|x86.Deploy.0 = Release|Any CPU
	EndGlobalSection
	GlobalSection(SolutionProperties) = preSolution
		HideSolutionNode = FALSE
	EndGlobalSection
	GlobalSection(ExtensibilityGlobals) = postSolution
		SolutionGuid = {26F51BC1-5FFA-4820-8815-A42648309D1B}
	EndGlobalSection
EndGlobal
